
Microsoft Visual Studio Solution File, Format Version 12.00
# Visual Studio Version 18
VisualStudioVersion = 18.3.11505.172 d18.3
MinimumVisualStudioVersion = 10.0.40219.1
Project("{FAE04EC0-301F-11D3-BF4B-00C04F79EFBC}") = "OperaDemoWeb", "OperaDemoWeb.csproj", "{C3156F9B-602B-6C1D-F95F-003A5DF39D0C}"
EndProject
Global
	GlobalSection(SolutionConfigurationPlatforms) = preSolution
		Debug|Any CPU = Debug|Any CPU
		Release|Any CPU = Release|Any CPU
	EndGlobalSection
	GlobalSection(ProjectConfigurationPlatforms) = postSolution
		{C3156F9B-602B-6C1D-F95F-003A5DF39D0C}.Debug|Any CPU.ActiveCfg = Debug|Any CPU
		{C3156F9B-602B-6C1D-F95F-003A5DF39D0C}.Debug|Any CPU.Build.0 = Debug|Any CPU
		{C3156F9B-602B-6C1D-F95F-003A5DF39D0C}.Release|Any CPU.ActiveCfg = Release|Any CPU
		{C3156F9B-602B-6C1D-F95F-003A5DF39D0C}.Release|Any CPU.Build.0 = Release|Any CPU
	EndGlobalSection
	GlobalSection(SolutionProperties) = preSolution
		HideSolutionNode = FALSE
	EndGlobalSection
	GlobalSection(ExtensibilityGlobals) = postSolution
		SolutionGuid = {1061EC8A-925B-4806-AD4A-4F8C63E5F406}
	EndGlobalSection
EndGlobal
